// !$*UTF8*$!
{
	archiveVersion = 1;
	classes = {
	};
	objectVersion = 46;
	objects = {

/* Begin PBXBuildFile section */
		1A6418AB1924BDC7000E9F30 /* CarsPhotoViewController.m in Sources */ = {isa = PBXBuildFile; fileRef = 1A6418AA1924BDC7000E9F30 /* CarsPhotoViewController.m */; };
		1A9C70EB1920E47A008CFDFF /* Foundation.framework in Frameworks */ = {isa = PBXBuildFile; fileRef = 1A9C70EA1920E47A008CFDFF /* Foundation.framework */; };
		1A9C70ED1920E47A008CFDFF /* CoreGraphics.framework in Frameworks */ = {isa = PBXBuildFile; fileRef = 1A9C70EC1920E47A008CFDFF /* CoreGraphics.framework */; };
		1A9C70EF1920E47A008CFDFF /* UIKit.framework in Frameworks */ = {isa = PBXBuildFile; fileRef = 1A9C70EE1920E47A008CFDFF /* UIKit.framework */; };
		1A9C70F51920E47A008CFDFF /* InfoPlist.strings in Resources */ = {isa = PBXBuildFile; fileRef = 1A9C70F31920E47A008CFDFF /* InfoPlist.strings */; };
		1A9C70F71920E47A008CFDFF /* main.m in Sources */ = {isa = PBXBuildFile; fileRef = 1A9C70F61920E47A008CFDFF /* main.m */; };
		1A9C70FB1920E47A008CFDFF /* AppDelegate.m in Sources */ = {isa = PBXBuildFile; fileRef = 1A9C70FA1920E47A008CFDFF /* AppDelegate.m */; };
		1A9C70FE1920E47A008CFDFF /* Main.storyboard in Resources */ = {isa = PBXBuildFile; fileRef = 1A9C70FC1920E47A008CFDFF /* Main.storyboard */; };
		1A9C71011920E47A008CFDFF /* CarsListViewController.m in Sources */ = {isa = PBXBuildFile; fileRef = 1A9C71001920E47A008CFDFF /* CarsListViewController.m */; };
		1A9C712A1920E8E9008CFDFF /* tesla.jpg in Resources */ = {isa = PBXBuildFile; fileRef = 1A9C71281920E8E9008CFDFF /* tesla.jpg */; };
		1A9C712B1920E8E9008CFDFF /* mini-cooper.jpg in Resources */ = {isa = PBXBuildFile; fileRef = 1A9C71291920E8E9008CFDFF /* mini-cooper.jpg */; };
		1AA3973A193B5CBD007DE277 /* Car.m in Sources */ = {isa = PBXBuildFile; fileRef = 1AA39711193B5CBD007DE277 /* Car.m */; };
		1AA3973B193B5CBD007DE277 /* car.png in Resources */ = {isa = PBXBuildFile; fileRef = 1AA39712193B5CBD007DE277 /* car.png */; };
		1AA3974A193B5CBD007DE277 /* CarPresenter.m in Sources */ = {isa = PBXBuildFile; fileRef = 1AA3972C193B5CBD007DE277 /* CarPresenter.m */; };
		1AA3974E193B5CBD007DE277 /* Images.xcassets in Resources */ = {isa = PBXBuildFile; fileRef = 1AA39733193B5CBD007DE277 /* Images.xcassets */; };
		1AA3974F193B5CBD007DE277 /* Presenter.m in Sources */ = {isa = PBXBuildFile; fileRef = 1AA39735193B5CBD007DE277 /* Presenter.m */; };
		1AA39750193B5CBD007DE277 /* User.m in Sources */ = {isa = PBXBuildFile; fileRef = 1AA39737193B5CBD007DE277 /* User.m */; };
		1AA39751193B5CBD007DE277 /* UserPresenter.m in Sources */ = {isa = PBXBuildFile; fileRef = 1AA39739193B5CBD007DE277 /* UserPresenter.m */; };
		1AF551CD193AF9BD00ADD419 /* CarDetailViewController.m in Sources */ = {isa = PBXBuildFile; fileRef = 1AF551CC193AF9BD00ADD419 /* CarDetailViewController.m */; };
		1AF551EA193B021800ADD419 /* PresenterTableViewCell.m in Sources */ = {isa = PBXBuildFile; fileRef = 1AF551E9193B021700ADD419 /* PresenterTableViewCell.m */; };
		1AF551F0193B053800ADD419 /* PresenterCollectionViewCell.m in Sources */ = {isa = PBXBuildFile; fileRef = 1AF551EF193B053800ADD419 /* PresenterCollectionViewCell.m */; };
		1AF551F6193B055700ADD419 /* PresenterView.m in Sources */ = {isa = PBXBuildFile; fileRef = 1AF551F5193B055700ADD419 /* PresenterView.m */; };
/* End PBXBuildFile section */

/* Begin PBXFileReference section */
		1A6418A91924BDC7000E9F30 /* CarsPhotoViewController.h */ = {isa = PBXFileReference; fileEncoding = 4; lastKnownFileType = sourcecode.c.h; path = CarsPhotoViewController.h; sourceTree = "<group>"; };
		1A6418AA1924BDC7000E9F30 /* CarsPhotoViewController.m */ = {isa = PBXFileReference; fileEncoding = 4; lastKnownFileType = sourcecode.c.objc; path = CarsPhotoViewController.m; sourceTree = "<group>"; };
		1A9C70E71920E47A008CFDFF /* cells.app */ = {isa = PBXFileReference; explicitFileType = wrapper.application; includeInIndex = 0; path = cells.app; sourceTree = BUILT_PRODUCTS_DIR; };
		1A9C70EA1920E47A008CFDFF /* Foundation.framework */ = {isa = PBXFileReference; lastKnownFileType = wrapper.framework; name = Foundation.framework; path = System/Library/Frameworks/Foundation.framework; sourceTree = SDKROOT; };
		1A9C70EC1920E47A008CFDFF /* CoreGraphics.framework */ = {isa = PBXFileReference; lastKnownFileType = wrapper.framework; name = CoreGraphics.framework; path = System/Library/Frameworks/CoreGraphics.framework; sourceTree = SDKROOT; };
		1A9C70EE1920E47A008CFDFF /* UIKit.framework */ = {isa = PBXFileReference; lastKnownFileType = wrapper.framework; name = UIKit.framework; path = System/Library/Frameworks/UIKit.framework; sourceTree = SDKROOT; };
		1A9C70F21920E47A008CFDFF /* cells-Info.plist */ = {isa = PBXFileReference; lastKnownFileType = text.plist.xml; path = "cells-Info.plist"; sourceTree = "<group>"; };
		1A9C70F41920E47A008CFDFF /* en */ = {isa = PBXFileReference; lastKnownFileType = text.plist.strings; name = en; path = en.lproj/InfoPlist.strings; sourceTree = "<group>"; };
		1A9C70F61920E47A008CFDFF /* main.m */ = {isa = PBXFileReference; lastKnownFileType = sourcecode.c.objc; path = main.m; sourceTree = "<group>"; };
		1A9C70F81920E47A008CFDFF /* cells-Prefix.pch */ = {isa = PBXFileReference; lastKnownFileType = sourcecode.c.h; path = "cells-Prefix.pch"; sourceTree = "<group>"; };
		1A9C70F91920E47A008CFDFF /* AppDelegate.h */ = {isa = PBXFileReference; lastKnownFileType = sourcecode.c.h; path = AppDelegate.h; sourceTree = "<group>"; };
		1A9C70FA1920E47A008CFDFF /* AppDelegate.m */ = {isa = PBXFileReference; lastKnownFileType = sourcecode.c.objc; path = AppDelegate.m; sourceTree = "<group>"; };
		1A9C70FD1920E47A008CFDFF /* Base */ = {isa = PBXFileReference; lastKnownFileType = file.storyboard; name = Base; path = Base.lproj/Main.storyboard; sourceTree = "<group>"; };
		1A9C70FF1920E47A008CFDFF /* CarsListViewController.h */ = {isa = PBXFileReference; lastKnownFileType = sourcecode.c.h; path = CarsListViewController.h; sourceTree = "<group>"; };
		1A9C71001920E47A008CFDFF /* CarsListViewController.m */ = {isa = PBXFileReference; lastKnownFileType = sourcecode.c.objc; path = CarsListViewController.m; sourceTree = "<group>"; };
		1A9C71091920E47A008CFDFF /* XCTest.framework */ = {isa = PBXFileReference; lastKnownFileType = wrapper.framework; name = XCTest.framework; path = Library/Frameworks/XCTest.framework; sourceTree = DEVELOPER_DIR; };
		1A9C71281920E8E9008CFDFF /* tesla.jpg */ = {isa = PBXFileReference; lastKnownFileType = image.jpeg; path = tesla.jpg; sourceTree = "<group>"; };
		1A9C71291920E8E9008CFDFF /* mini-cooper.jpg */ = {isa = PBXFileReference; lastKnownFileType = image.jpeg; path = "mini-cooper.jpg"; sourceTree = "<group>"; };
		1AA39710193B5CBD007DE277 /* Car.h */ = {isa = PBXFileReference; fileEncoding = 4; lastKnownFileType = sourcecode.c.h; path = Car.h; sourceTree = "<group>"; };
		1AA39711193B5CBD007DE277 /* Car.m */ = {isa = PBXFileReference; fileEncoding = 4; lastKnownFileType = sourcecode.c.objc; path = Car.m; sourceTree = "<group>"; };
		1AA39712193B5CBD007DE277 /* car.png */ = {isa = PBXFileReference; lastKnownFileType = image.png; name = car.png; path = ../cells/car.png; sourceTree = "<group>"; };
		1AA3972B193B5CBD007DE277 /* CarPresenter.h */ = {isa = PBXFileReference; fileEncoding = 4; lastKnownFileType = sourcecode.c.h; path = CarPresenter.h; sourceTree = "<group>"; };
		1AA3972C193B5CBD007DE277 /* CarPresenter.m */ = {isa = PBXFileReference; fileEncoding = 4; lastKnownFileType = sourcecode.c.objc; path = CarPresenter.m; sourceTree = "<group>"; };
		1AA39733193B5CBD007DE277 /* Images.xcassets */ = {isa = PBXFileReference; lastKnownFileType = folder.assetcatalog; path = Images.xcassets; sourceTree = "<group>"; };
		1AA39734193B5CBD007DE277 /* Presenter.h */ = {isa = PBXFileReference; fileEncoding = 4; lastKnownFileType = sourcecode.c.h; path = Presenter.h; sourceTree = "<group>"; };
		1AA39735193B5CBD007DE277 /* Presenter.m */ = {isa = PBXFileReference; fileEncoding = 4; lastKnownFileType = sourcecode.c.objc; path = Presenter.m; sourceTree = "<group>"; };
		1AA39736193B5CBD007DE277 /* User.h */ = {isa = PBXFileReference; fileEncoding = 4; lastKnownFileType = sourcecode.c.h; path = User.h; sourceTree = "<group>"; };
		1AA39737193B5CBD007DE277 /* User.m */ = {isa = PBXFileReference; fileEncoding = 4; lastKnownFileType = sourcecode.c.objc; path = User.m; sourceTree = "<group>"; };
		1AA39738193B5CBD007DE277 /* UserPresenter.h */ = {isa = PBXFileReference; fileEncoding = 4; lastKnownFileType = sourcecode.c.h; path = UserPresenter.h; sourceTree = "<group>"; };
		1AA39739193B5CBD007DE277 /* UserPresenter.m */ = {isa = PBXFileReference; fileEncoding = 4; lastKnownFileType = sourcecode.c.objc; path = UserPresenter.m; sourceTree = "<group>"; };
		1AF551CB193AF9BD00ADD419 /* CarDetailViewController.h */ = {isa = PBXFileReference; fileEncoding = 4; lastKnownFileType = sourcecode.c.h; path = CarDetailViewController.h; sourceTree = "<group>"; };
		1AF551CC193AF9BD00ADD419 /* CarDetailViewController.m */ = {isa = PBXFileReference; fileEncoding = 4; lastKnownFileType = sourcecode.c.objc; path = CarDetailViewController.m; sourceTree = "<group>"; };
		1AF551E8193B021700ADD419 /* PresenterTableViewCell.h */ = {isa = PBXFileReference; fileEncoding = 4; lastKnownFileType = sourcecode.c.h; path = PresenterTableViewCell.h; sourceTree = "<group>"; };
		1AF551E9193B021700ADD419 /* PresenterTableViewCell.m */ = {isa = PBXFileReference; fileEncoding = 4; lastKnownFileType = sourcecode.c.objc; path = PresenterTableViewCell.m; sourceTree = "<group>"; };
		1AF551EE193B053800ADD419 /* PresenterCollectionViewCell.h */ = {isa = PBXFileReference; fileEncoding = 4; lastKnownFileType = sourcecode.c.h; path = PresenterCollectionViewCell.h; sourceTree = "<group>"; };
		1AF551EF193B053800ADD419 /* PresenterCollectionViewCell.m */ = {isa = PBXFileReference; fileEncoding = 4; lastKnownFileType = sourcecode.c.objc; path = PresenterCollectionViewCell.m; sourceTree = "<group>"; };
		1AF551F4193B055700ADD419 /* PresenterView.h */ = {isa = PBXFileReference; fileEncoding = 4; lastKnownFileType = sourcecode.c.h; path = PresenterView.h; sourceTree = "<group>"; };
		1AF551F5193B055700ADD419 /* PresenterView.m */ = {isa = PBXFileReference; fileEncoding = 4; lastKnownFileType = sourcecode.c.objc; path = PresenterView.m; sourceTree = "<group>"; };
/* End PBXFileReference section */

/* Begin PBXFrameworksBuildPhase section */
		1A9C70E41920E47A008CFDFF /* Frameworks */ = {
			isa = PBXFrameworksBuildPhase;
			buildActionMask = 2147483647;
			files = (
				1A9C70ED1920E47A008CFDFF /* CoreGraphics.framework in Frameworks */,
				1A9C70EF1920E47A008CFDFF /* UIKit.framework in Frameworks */,
				1A9C70EB1920E47A008CFDFF /* Foundation.framework in Frameworks */,
			);
			runOnlyForDeploymentPostprocessing = 0;
		};
/* End PBXFrameworksBuildPhase section */

/* Begin PBXGroup section */
		1A9C70DE1920E47A008CFDFF = {
			isa = PBXGroup;
			children = (
				1A9C70F01920E47A008CFDFF /* cells */,
				1A9C70E91920E47A008CFDFF /* Frameworks */,
				1A9C70E81920E47A008CFDFF /* Products */,
			);
			sourceTree = "<group>";
		};
		1A9C70E81920E47A008CFDFF /* Products */ = {
			isa = PBXGroup;
			children = (
				1A9C70E71920E47A008CFDFF /* cells.app */,
			);
			name = Products;
			sourceTree = "<group>";
		};
		1A9C70E91920E47A008CFDFF /* Frameworks */ = {
			isa = PBXGroup;
			children = (
				1A9C70EA1920E47A008CFDFF /* Foundation.framework */,
				1A9C70EC1920E47A008CFDFF /* CoreGraphics.framework */,
				1A9C70EE1920E47A008CFDFF /* UIKit.framework */,
				1A9C71091920E47A008CFDFF /* XCTest.framework */,
			);
			name = Frameworks;
			sourceTree = "<group>";
		};
		1A9C70F01920E47A008CFDFF /* cells */ = {
			isa = PBXGroup;
			children = (
				1AA39733193B5CBD007DE277 /* Images.xcassets */,
				1A9C70F91920E47A008CFDFF /* AppDelegate.h */,
				1A9C70FA1920E47A008CFDFF /* AppDelegate.m */,
				1A9C70FC1920E47A008CFDFF /* Main.storyboard */,
				1AD4E73B19286D10000D7A49 /* Supporting Files */,
				1AA39753193B5CE8007DE277 /* Model */,
				1A9C71271920E734008CFDFF /* View */,
				1A9C71231920E5F3008CFDFF /* View Controllers */,
				1AA39752193B5CDE007DE277 /* Presenter */,
				1A9C70F11920E47A008CFDFF /* Supporting Files */,
			);
			path = cells;
			sourceTree = "<group>";
		};
		1A9C70F11920E47A008CFDFF /* Supporting Files */ = {
			isa = PBXGroup;
			children = (
				1A9C71281920E8E9008CFDFF /* tesla.jpg */,
				1A9C71291920E8E9008CFDFF /* mini-cooper.jpg */,
				1A9C70F21920E47A008CFDFF /* cells-Info.plist */,
				1A9C70F31920E47A008CFDFF /* InfoPlist.strings */,
				1A9C70F61920E47A008CFDFF /* main.m */,
				1A9C70F81920E47A008CFDFF /* cells-Prefix.pch */,
			);
			name = "Supporting Files";
			sourceTree = "<group>";
		};
		1A9C71231920E5F3008CFDFF /* View Controllers */ = {
			isa = PBXGroup;
			children = (
				1A9C70FF1920E47A008CFDFF /* CarsListViewController.h */,
				1A9C71001920E47A008CFDFF /* CarsListViewController.m */,
				1A6418A91924BDC7000E9F30 /* CarsPhotoViewController.h */,
				1A6418AA1924BDC7000E9F30 /* CarsPhotoViewController.m */,
				1AF551CB193AF9BD00ADD419 /* CarDetailViewController.h */,
				1AF551CC193AF9BD00ADD419 /* CarDetailViewController.m */,
			);
			name = "View Controllers";
			sourceTree = "<group>";
		};
		1A9C71271920E734008CFDFF /* View */ = {
			isa = PBXGroup;
			children = (
				1AF551E8193B021700ADD419 /* PresenterTableViewCell.h */,
				1AF551E9193B021700ADD419 /* PresenterTableViewCell.m */,
				1AF551EE193B053800ADD419 /* PresenterCollectionViewCell.h */,
				1AF551EF193B053800ADD419 /* PresenterCollectionViewCell.m */,
				1AF551F4193B055700ADD419 /* PresenterView.h */,
				1AF551F5193B055700ADD419 /* PresenterView.m */,
			);
			name = View;
			sourceTree = "<group>";
		};
		1AA39752193B5CDE007DE277 /* Presenter */ = {
			isa = PBXGroup;
			children = (
				1AA39734193B5CBD007DE277 /* Presenter.h */,
				1AA39735193B5CBD007DE277 /* Presenter.m */,
				1AA3972B193B5CBD007DE277 /* CarPresenter.h */,
				1AA3972C193B5CBD007DE277 /* CarPresenter.m */,
				1AA39738193B5CBD007DE277 /* UserPresenter.h */,
				1AA39739193B5CBD007DE277 /* UserPresenter.m */,
			);
			name = Presenter;
			sourceTree = "<group>";
		};
		1AA39753193B5CE8007DE277 /* Model */ = {
			isa = PBXGroup;
			children = (
				1AA39710193B5CBD007DE277 /* Car.h */,
				1AA39711193B5CBD007DE277 /* Car.m */,
				1AA39736193B5CBD007DE277 /* User.h */,
				1AA39737193B5CBD007DE277 /* User.m */,
			);
			name = Model;
			sourceTree = "<group>";
		};
		1AD4E73B19286D10000D7A49 /* Supporting Files */ = {
			isa = PBXGroup;
			children = (
				1AA39712193B5CBD007DE277 /* car.png */,
			);
			name = "Supporting Files";
			path = ../model;
			sourceTree = "<group>";
		};
/* End PBXGroup section */

/* Begin PBXNativeTarget section */
		1A9C70E61920E47A008CFDFF /* cells */ = {
			isa = PBXNativeTarget;
			buildConfigurationList = 1A9C71191920E47A008CFDFF /* Build configuration list for PBXNativeTarget "cells" */;
			buildPhases = (
				1A9C70E31920E47A008CFDFF /* Sources */,
				1A9C70E41920E47A008CFDFF /* Frameworks */,
				1A9C70E51920E47A008CFDFF /* Resources */,
			);
			buildRules = (
			);
			dependencies = (
			);
			name = cells;
			productName = cells;
			productReference = 1A9C70E71920E47A008CFDFF /* cells.app */;
			productType = "com.apple.product-type.application";
		};
/* End PBXNativeTarget section */

/* Begin PBXProject section */
		1A9C70DF1920E47A008CFDFF /* Project object */ = {
			isa = PBXProject;
			attributes = {
				LastUpgradeCheck = 0510;
				ORGANIZATIONNAME = "James Tang";
			};
			buildConfigurationList = 1A9C70E21920E47A008CFDFF /* Build configuration list for PBXProject "cells" */;
			compatibilityVersion = "Xcode 3.2";
			developmentRegion = English;
			hasScannedForEncodings = 0;
			knownRegions = (
				en,
				Base,
			);
			mainGroup = 1A9C70DE1920E47A008CFDFF;
			productRefGroup = 1A9C70E81920E47A008CFDFF /* Products */;
			projectDirPath = "";
			projectRoot = "";
			targets = (
				1A9C70E61920E47A008CFDFF /* cells */,
			);
		};
/* End PBXProject section */

/* Begin PBXResourcesBuildPhase section */
		1A9C70E51920E47A008CFDFF /* Resources */ = {
			isa = PBXResourcesBuildPhase;
			buildActionMask = 2147483647;
			files = (
				1AA3973B193B5CBD007DE277 /* car.png in Resources */,
				1AA3974E193B5CBD007DE277 /* Images.xcassets in Resources */,
				1A9C712B1920E8E9008CFDFF /* mini-cooper.jpg in Resources */,
				1A9C712A1920E8E9008CFDFF /* tesla.jpg in Resources */,
				1A9C70F51920E47A008CFDFF /* InfoPlist.strings in Resources */,
				1A9C70FE1920E47A008CFDFF /* Main.storyboard in Resources */,
			);
			runOnlyForDeploymentPostprocessing = 0;
		};
/* End PBXResourcesBuildPhase section */

/* Begin PBXSourcesBuildPhase section */
		1A9C70E31920E47A008CFDFF /* Sources */ = {
			isa = PBXSourcesBuildPhase;
			buildActionMask = 2147483647;
			files = (
				1AA3973A193B5CBD007DE277 /* Car.m in Sources */,
				1AF551EA193B021800ADD419 /* PresenterTableViewCell.m in Sources */,
				1AF551F6193B055700ADD419 /* PresenterView.m in Sources */,
				1A6418AB1924BDC7000E9F30 /* CarsPhotoViewController.m in Sources */,
				1AA3974F193B5CBD007DE277 /* Presenter.m in Sources */,
				1AA39751193B5CBD007DE277 /* UserPresenter.m in Sources */,
				1A9C71011920E47A008CFDFF /* CarsListViewController.m in Sources */,
				1A9C70FB1920E47A008CFDFF /* AppDelegate.m in Sources */,
				1AA39750193B5CBD007DE277 /* User.m in Sources */,
				1AA3974A193B5CBD007DE277 /* CarPresenter.m in Sources */,
				1A9C70F71920E47A008CFDFF /* main.m in Sources */,
				1AF551CD193AF9BD00ADD419 /* CarDetailViewController.m in Sources */,
				1AF551F0193B053800ADD419 /* PresenterCollectionViewCell.m in Sources */,
			);
			runOnlyForDeploymentPostprocessing = 0;
		};
/* End PBXSourcesBuildPhase section */

/* Begin PBXVariantGroup section */
		1A9C70F31920E47A008CFDFF /* InfoPlist.strings */ = {
			isa = PBXVariantGroup;
			children = (
				1A9C70F41920E47A008CFDFF /* en */,
			);
			name = InfoPlist.strings;
			sourceTree = "<group>";
		};
		1A9C70FC1920E47A008CFDFF /* Main.storyboard */ = {
			isa = PBXVariantGroup;
			children = (
				1A9C70FD1920E47A008CFDFF /* Base */,
			);
			name = Main.storyboard;
			sourceTree = "<group>";
		};
/* End PBXVariantGroup section */

/* Begin XCBuildConfiguration section */
		1A9C71171920E47A008CFDFF /* Debug */ = {
			isa = XCBuildConfiguration;
			buildSettings = {
				ALWAYS_SEARCH_USER_PATHS = NO;
				CLANG_CXX_LANGUAGE_STANDARD = "gnu++0x";
				CLANG_CXX_LIBRARY = "libc++";
				CLANG_ENABLE_MODULES = YES;
				CLANG_ENABLE_OBJC_ARC = YES;
				CLANG_WARN_BOOL_CONVERSION = YES;
				CLANG_WARN_CONSTANT_CONVERSION = YES;
				CLANG_WARN_DIRECT_OBJC_ISA_USAGE = YES_ERROR;
				CLANG_WARN_EMPTY_BODY = YES;
				CLANG_WARN_ENUM_CONVERSION = YES;
				CLANG_WARN_INT_CONVERSION = YES;
				CLANG_WARN_OBJC_ROOT_CLASS = YES_ERROR;
				CLANG_WARN__DUPLICATE_METHOD_MATCH = YES;
				"CODE_SIGN_IDENTITY[sdk=iphoneos*]" = "iPhone Developer";
				COPY_PHASE_STRIP = NO;
				GCC_C_LANGUAGE_STANDARD = gnu99;
				GCC_DYNAMIC_NO_PIC = NO;
				GCC_OPTIMIZATION_LEVEL = 0;
				GCC_PREPROCESSOR_DEFINITIONS = (
					"DEBUG=1",
					"$(inherited)",
				);
				GCC_SYMBOLS_PRIVATE_EXTERN = NO;
				GCC_WARN_64_TO_32_BIT_CONVERSION = YES;
				GCC_WARN_ABOUT_RETURN_TYPE = YES_ERROR;
				GCC_WARN_UNDECLARED_SELECTOR = YES;
				GCC_WARN_UNINITIALIZED_AUTOS = YES_AGGRESSIVE;
				GCC_WARN_UNUSED_FUNCTION = YES;
				GCC_WARN_UNUSED_VARIABLE = YES;
				IPHONEOS_DEPLOYMENT_TARGET = 7.1;
				ONLY_ACTIVE_ARCH = YES;
				OTHER_LDFLAGS = "-Objc";
				SDKROOT = iphoneos;
			};
			name = Debug;
		};
		1A9C71181920E47A008CFDFF /* Release */ = {
			isa = XCBuildConfiguration;
			buildSettings = {
				ALWAYS_SEARCH_USER_PATHS = NO;
				CLANG_CXX_LANGUAGE_STANDARD = "gnu++0x";
				CLANG_CXX_LIBRARY = "libc++";
				CLANG_ENABLE_MODULES = YES;
				CLANG_ENABLE_OBJC_ARC = YES;
				CLANG_WARN_BOOL_CONVERSION = YES;
				CLANG_WARN_CONSTANT_CONVERSION = YES;
				CLANG_WARN_DIRECT_OBJC_ISA_USAGE = YES_ERROR;
				CLANG_WARN_EMPTY_BODY = YES;
				CLANG_WARN_ENUM_CONVERSION = YES;
				CLANG_WARN_INT_CONVERSION = YES;
				CLANG_WARN_OBJC_ROOT_CLASS = YES_ERROR;
				CLANG_WARN__DUPLICATE_METHOD_MATCH = YES;
				"CODE_SIGN_IDENTITY[sdk=iphoneos*]" = "iPhone Developer";
				COPY_PHASE_STRIP = YES;
				ENABLE_NS_ASSERTIONS = NO;
				GCC_C_LANGUAGE_STANDARD = gnu99;
				GCC_WARN_64_TO_32_BIT_CONVERSION = YES;
				GCC_WARN_ABOUT_RETURN_TYPE = YES_ERROR;
				GCC_WARN_UNDECLARED_SELECTOR = YES;
				GCC_WARN_UNINITIALIZED_AUTOS = YES_AGGRESSIVE;
				GCC_WARN_UNUSED_FUNCTION = YES;
				GCC_WARN_UNUSED_VARIABLE = YES;
				IPHONEOS_DEPLOYMENT_TARGET = 7.1;
				OTHER_LDFLAGS = "-Objc";
				SDKROOT = iphoneos;
				VALIDATE_PRODUCT = YES;
			};
			name = Release;
		};
		1A9C711A1920E47A008CFDFF /* Debug */ = {
			isa = XCBuildConfiguration;
			buildSettings = {
				ASSETCATALOG_COMPILER_APPICON_NAME = AppIcon;
				ASSETCATALOG_COMPILER_LAUNCHIMAGE_NAME = LaunchImage;
				GCC_PRECOMPILE_PREFIX_HEADER = YES;
				GCC_PREFIX_HEADER = "cells/cells-Prefix.pch";
				INFOPLIST_FILE = "cells/cells-Info.plist";
				PRODUCT_NAME = "$(TARGET_NAME)";
				WRAPPER_EXTENSION = app;
			};
			name = Debug;
		};
		1A9C711B1920E47A008CFDFF /* Release */ = {
			isa = XCBuildConfiguration;
			buildSettings = {
				ASSETCATALOG_COMPILER_APPICON_NAME = AppIcon;
				ASSETCATALOG_COMPILER_LAUNCHIMAGE_NAME = LaunchImage;
				GCC_PRECOMPILE_PREFIX_HEADER = YES;
				GCC_PREFIX_HEADER = "cells/cells-Prefix.pch";
				INFOPLIST_FILE = "cells/cells-Info.plist";
				PRODUCT_NAME = "$(TARGET_NAME)";
				WRAPPER_EXTENSION = app;
			};
			name = Release;
		};
/* End XCBuildConfiguration section */

/* Begin XCConfigurationList section */
		1A9C70E21920E47A008CFDFF /* Build configuration list for PBXProject "cells" */ = {
			isa = XCConfigurationList;
			buildConfigurations = (
				1A9C71171920E47A008CFDFF /* Debug */,
				1A9C71181920E47A008CFDFF /* Release */,
			);
			defaultConfigurationIsVisible = 0;
			defaultConfigurationName = Release;
		};
		1A9C71191920E47A008CFDFF /* Build configuration list for PBXNativeTarget "cells" */ = {
			isa = XCConfigurationList;
			buildConfigurations = (
				1A9C711A1920E47A008CFDFF /* Debug */,
				1A9C711B1920E47A008CFDFF /* Release */,
			);
			defaultConfigurationIsVisible = 0;
			defaultConfigurationName = Release;
		};
/* End XCConfigurationList section */
	};
	rootObject = 1A9C70DF1920E47A008CFDFF /* Project object */;
}
